{
    "_readme": [
        "This file locks the dependencies of your project to a known state",
        "Read more about it at https://getcomposer.org/doc/01-basic-usage.md#installing-dependencies",
        "This file is @generated automatically"
    ],
    "content-hash": "68b7ff6e5f54fb02414a611e629d7759",
    "packages": [
        {
            "name": "lisachenko/native-php-matrix",
            "version": "0.2.0",
            "source": {
                "type": "git",
                "url": "https://github.com/lisachenko/native-php-matrix.git",
                "reference": "5254134eeed04c83af84ea47e0b5bac9e796d2f0"
            },
            "dist": {
                "type": "zip",
                "url": "https://api.github.com/repos/lisachenko/native-php-matrix/zipball/5254134eeed04c83af84ea47e0b5bac9e796d2f0",
                "reference": "5254134eeed04c83af84ea47e0b5bac9e796d2f0",
                "shasum": ""
            },
            "require": {
                "lisachenko/z-engine": "^0.8.1 || ^0.9.1",
                "php": "^7.4|^8.0"
            },
            "require-dev": {
                "phpunit/phpunit": "^9.5.5"
            },
            "type": "library",
            "autoload": {
                "files": [
                    "bootstrap.php"
                ],
                "psr-4": {
                    "Lisachenko\\NativePhpMatrix\\": "src/"
                }
            },
            "notification-url": "https://packagist.org/downloads/",
            "license": [
                "MIT"
            ],
            "authors": [
                {
                    "name": "Alexander Lisachenko",
                    "email": "lisachenko.it@gmail.com"
                }
            ],
            "description": "PHP extension that provides Matrix class powered with overloaded operators",
            "support": {
                "issues": "https://github.com/lisachenko/native-php-matrix/issues",
                "source": "https://github.com/lisachenko/native-php-matrix/tree/0.2.0"
            },
            "funding": [
                {
                    "url": "https://github.com/lisachenko",
                    "type": "github"
                }
            ],
            "time": "2021-06-26T20:23:49+00:00"
        },
        {
            "name": "lisachenko/z-engine",
            "version": "0.9.1",
            "source": {
                "type": "git",
                "url": "https://github.com/lisachenko/z-engine.git",
                "reference": "f43398707586ed689f2d619b20a5e9528508756c"
            },
            "dist": {
                "type": "zip",
                "url": "https://api.github.com/repos/lisachenko/z-engine/zipball/f43398707586ed689f2d619b20a5e9528508756c",
                "reference": "f43398707586ed689f2d619b20a5e9528508756c",
                "shasum": ""
            },
            "require": {
                "ext-ffi": "*",
                "php": "8.0.*"
            },
            "require-dev": {
                "phpunit/phpunit": "^8.5.15 || ^9.0.0"
            },
            "type": "library",
            "autoload": {
                "psr-4": {
                    "ZEngine\\": "src/"
                }
            },
            "notification-url": "https://packagist.org/downloads/",
            "license": [
                "MIT"
            ],
            "authors": [
                {
                    "name": "Alexander Lisachenko",
                    "email": "lisachenko.it@gmail.com"
                }
            ],
            "description": "Library that provides direct access to native PHP structures",
            "support": {
                "issues": "https://github.com/lisachenko/z-engine/issues",
                "source": "https://github.com/lisachenko/z-engine/tree/0.9.1"
            },
            "funding": [
                {
                    "url": "https://github.com/lisachenko",
                    "type": "github"
                }
            ],
            "time": "2021-06-26T16:38:23+00:00"
        }
    ],
    "packages-dev": [],
    "aliases": [],
    "minimum-stability": "stable",
    "stability-flags": [],
    "prefer-stable": false,
    "prefer-lowest": false,
    "platform": [],
    "platform-dev": [],
    "plugin-api-version": "2.6.0"
}
